// !$*UTF8*$!
{
	archiveVersion = 1;
	classes = {
	};
	objectVersion = 46;
	objects = {

/* Begin PBXBuildFile section */
		865E437015EB744000EF1D6F /* UIKit.framework in Frameworks */ = {isa = PBXBuildFile; fileRef = 865E436F15EB744000EF1D6F /* UIKit.framework */; };
		865E437215EB744000EF1D6F /* Foundation.framework in Frameworks */ = {isa = PBXBuildFile; fileRef = 865E437115EB744000EF1D6F /* Foundation.framework */; };
		865E437415EB744000EF1D6F /* CoreGraphics.framework in Frameworks */ = {isa = PBXBuildFile; fileRef = 865E437315EB744000EF1D6F /* CoreGraphics.framework */; };
		865E437A15EB744000EF1D6F /* InfoPlist.strings in Resources */ = {isa = PBXBuildFile; fileRef = 865E437815EB744000EF1D6F /* InfoPlist.strings */; };
		865E437C15EB744000EF1D6F /* main.m in Sources */ = {isa = PBXBuildFile; fileRef = 865E437B15EB744000EF1D6F /* main.m */; };
		865E438015EB744000EF1D6F /* IrregularTabbarControllerAppDelegate.m in Sources */ = {isa = PBXBuildFile; fileRef = 865E437F15EB744000EF1D6F /* IrregularTabbarControllerAppDelegate.m */; };
		865E438315EB744000EF1D6F /* IrregularTabbarControllerFirstViewController.m in Sources */ = {isa = PBXBuildFile; fileRef = 865E438215EB744000EF1D6F /* IrregularTabbarControllerFirstViewController.m */; };
		865E438515EB744000EF1D6F /* first.png in Resources */ = {isa = PBXBuildFile; fileRef = 865E438415EB744000EF1D6F /* first.png */; };
		865E438715EB744000EF1D6F /* first@2x.png in Resources */ = {isa = PBXBuildFile; fileRef = 865E438615EB744000EF1D6F /* first@2x.png */; };
		865E438A15EB744000EF1D6F /* IrregularTabbarControllerSecondViewController.m in Sources */ = {isa = PBXBuildFile; fileRef = 865E438915EB744000EF1D6F /* IrregularTabbarControllerSecondViewController.m */; };
		865E438C15EB744000EF1D6F /* second.png in Resources */ = {isa = PBXBuildFile; fileRef = 865E438B15EB744000EF1D6F /* second.png */; };
		865E438E15EB744000EF1D6F /* second@2x.png in Resources */ = {isa = PBXBuildFile; fileRef = 865E438D15EB744000EF1D6F /* second@2x.png */; };
		865E439115EB744000EF1D6F /* IrregularTabbarControllerFirstViewController.xib in Resources */ = {isa = PBXBuildFile; fileRef = 865E438F15EB744000EF1D6F /* IrregularTabbarControllerFirstViewController.xib */; };
		865E439415EB744000EF1D6F /* IrregularTabbarControllerSecondViewController.xib in Resources */ = {isa = PBXBuildFile; fileRef = 865E439215EB744000EF1D6F /* IrregularTabbarControllerSecondViewController.xib */; };
		865E439C15EB744A00EF1D6F /* 1.png in Resources */ = {isa = PBXBuildFile; fileRef = 865E439A15EB744A00EF1D6F /* 1.png */; };
		865E439D15EB744A00EF1D6F /* 2.png in Resources */ = {isa = PBXBuildFile; fileRef = 865E439B15EB744A00EF1D6F /* 2.png */; };
		866BB01D15EC66E30062F229 /* IrregularTabbarController.m in Sources */ = {isa = PBXBuildFile; fileRef = 866BB01B15EC66E30062F229 /* IrregularTabbarController.m */; };
/* End PBXBuildFile section */

/* Begin PBXFileReference section */
		865E436B15EB744000EF1D6F /* Tabbar.app */ = {isa = PBXFileReference; explicitFileType = wrapper.application; includeInIndex = 0; path = Tabbar.app; sourceTree = BUILT_PRODUCTS_DIR; };
		865E436F15EB744000EF1D6F /* UIKit.framework */ = {isa = PBXFileReference; lastKnownFileType = wrapper.framework; name = UIKit.framework; path = System/Library/Frameworks/UIKit.framework; sourceTree = SDKROOT; };
		865E437115EB744000EF1D6F /* Foundation.framework */ = {isa = PBXFileReference; lastKnownFileType = wrapper.framework; name = Foundation.framework; path = System/Library/Frameworks/Foundation.framework; sourceTree = SDKROOT; };
		865E437315EB744000EF1D6F /* CoreGraphics.framework */ = {isa = PBXFileReference; lastKnownFileType = wrapper.framework; name = CoreGraphics.framework; path = System/Library/Frameworks/CoreGraphics.framework; sourceTree = SDKROOT; };
		865E437715EB744000EF1D6F /* Tabbar-Info.plist */ = {isa = PBXFileReference; lastKnownFileType = text.plist.xml; path = "Tabbar-Info.plist"; sourceTree = "<group>"; };
		865E437915EB744000EF1D6F /* en */ = {isa = PBXFileReference; lastKnownFileType = text.plist.strings; name = en; path = en.lproj/InfoPlist.strings; sourceTree = "<group>"; };
		865E437B15EB744000EF1D6F /* main.m */ = {isa = PBXFileReference; lastKnownFileType = sourcecode.c.objc; path = main.m; sourceTree = "<group>"; };
		865E437D15EB744000EF1D6F /* Tabbar-Prefix.pch */ = {isa = PBXFileReference; lastKnownFileType = sourcecode.c.h; path = "Tabbar-Prefix.pch"; sourceTree = "<group>"; };
		865E437E15EB744000EF1D6F /* IrregularTabbarControllerAppDelegate.h */ = {isa = PBXFileReference; lastKnownFileType = sourcecode.c.h; path = IrregularTabbarControllerAppDelegate.h; sourceTree = "<group>"; };
		865E437F15EB744000EF1D6F /* IrregularTabbarControllerAppDelegate.m */ = {isa = PBXFileReference; lastKnownFileType = sourcecode.c.objc; path = IrregularTabbarControllerAppDelegate.m; sourceTree = "<group>"; };
		865E438115EB744000EF1D6F /* IrregularTabbarControllerFirstViewController.h */ = {isa = PBXFileReference; lastKnownFileType = sourcecode.c.h; path = IrregularTabbarControllerFirstViewController.h; sourceTree = "<group>"; };
		865E438215EB744000EF1D6F /* IrregularTabbarControllerFirstViewController.m */ = {isa = PBXFileReference; lastKnownFileType = sourcecode.c.objc; path = IrregularTabbarControllerFirstViewController.m; sourceTree = "<group>"; };
		865E438415EB744000EF1D6F /* first.png */ = {isa = PBXFileReference; lastKnownFileType = image.png; path = first.png; sourceTree = "<group>"; };
		865E438615EB744000EF1D6F /* first@2x.png */ = {isa = PBXFileReference; lastKnownFileType = image.png; path = "first@2x.png"; sourceTree = "<group>"; };
		865E438815EB744000EF1D6F /* IrregularTabbarControllerSecondViewController.h */ = {isa = PBXFileReference; lastKnownFileType = sourcecode.c.h; path = IrregularTabbarControllerSecondViewController.h; sourceTree = "<group>"; };
		865E438915EB744000EF1D6F /* IrregularTabbarControllerSecondViewController.m */ = {isa = PBXFileReference; lastKnownFileType = sourcecode.c.objc; path = IrregularTabbarControllerSecondViewController.m; sourceTree = "<group>"; };
		865E438B15EB744000EF1D6F /* second.png */ = {isa = PBXFileReference; lastKnownFileType = image.png; path = second.png; sourceTree = "<group>"; };
		865E438D15EB744000EF1D6F /* second@2x.png */ = {isa = PBXFileReference; lastKnownFileType = image.png; path = "second@2x.png"; sourceTree = "<group>"; };
		865E439015EB744000EF1D6F /* en */ = {isa = PBXFileReference; lastKnownFileType = file.xib; name = en; path = en.lproj/IrregularTabbarControllerFirstViewController.xib; sourceTree = "<group>"; };
		865E439315EB744000EF1D6F /* en */ = {isa = PBXFileReference; lastKnownFileType = file.xib; name = en; path = en.lproj/IrregularTabbarControllerSecondViewController.xib; sourceTree = "<group>"; };
		865E439A15EB744A00EF1D6F /* 1.png */ = {isa = PBXFileReference; lastKnownFileType = image.png; path = 1.png; sourceTree = SOURCE_ROOT; };
		865E439B15EB744A00EF1D6F /* 2.png */ = {isa = PBXFileReference; lastKnownFileType = image.png; path = 2.png; sourceTree = SOURCE_ROOT; };
		866BB01A15EC66E30062F229 /* IrregularTabbarController.h */ = {isa = PBXFileReference; fileEncoding = 4; lastKnownFileType = sourcecode.c.h; path = IrregularTabbarController.h; sourceTree = "<group>"; };
		866BB01B15EC66E30062F229 /* IrregularTabbarController.m */ = {isa = PBXFileReference; fileEncoding = 4; lastKnownFileType = sourcecode.c.objc; path = IrregularTabbarController.m; sourceTree = "<group>"; };
/* End PBXFileReference section */

/* Begin PBXFrameworksBuildPhase section */
		865E436815EB744000EF1D6F /* Frameworks */ = {
			isa = PBXFrameworksBuildPhase;
			buildActionMask = 2147483647;
			files = (
				865E437015EB744000EF1D6F /* UIKit.framework in Frameworks */,
				865E437215EB744000EF1D6F /* Foundation.framework in Frameworks */,
				865E437415EB744000EF1D6F /* CoreGraphics.framework in Frameworks */,
			);
			runOnlyForDeploymentPostprocessing = 0;
		};
/* End PBXFrameworksBuildPhase section */

/* Begin PBXGroup section */
		865E436015EB743F00EF1D6F = {
			isa = PBXGroup;
			children = (
				865E437515EB744000EF1D6F /* Tabbar */,
				865E436E15EB744000EF1D6F /* Frameworks */,
				865E436C15EB744000EF1D6F /* Products */,
			);
			sourceTree = "<group>";
		};
		865E436C15EB744000EF1D6F /* Products */ = {
			isa = PBXGroup;
			children = (
				865E436B15EB744000EF1D6F /* Tabbar.app */,
			);
			name = Products;
			sourceTree = "<group>";
		};
		865E436E15EB744000EF1D6F /* Frameworks */ = {
			isa = PBXGroup;
			children = (
				865E436F15EB744000EF1D6F /* UIKit.framework */,
				865E437115EB744000EF1D6F /* Foundation.framework */,
				865E437315EB744000EF1D6F /* CoreGraphics.framework */,
			);
			name = Frameworks;
			sourceTree = "<group>";
		};
		865E437515EB744000EF1D6F /* Tabbar */ = {
			isa = PBXGroup;
			children = (
				865E437E15EB744000EF1D6F /* IrregularTabbarControllerAppDelegate.h */,
				865E437F15EB744000EF1D6F /* IrregularTabbarControllerAppDelegate.m */,
				866BB01A15EC66E30062F229 /* IrregularTabbarController.h */,
				866BB01B15EC66E30062F229 /* IrregularTabbarController.m */,
				865E439A15EB744A00EF1D6F /* 1.png */,
				865E439B15EB744A00EF1D6F /* 2.png */,
				866BB02015EC67410062F229 /* vc */,
				865E437615EB744000EF1D6F /* Supporting Files */,
			);
			path = Tabbar;
			sourceTree = "<group>";
		};
		865E437615EB744000EF1D6F /* Supporting Files */ = {
			isa = PBXGroup;
			children = (
				865E437715EB744000EF1D6F /* Tabbar-Info.plist */,
				865E437815EB744000EF1D6F /* InfoPlist.strings */,
				865E437B15EB744000EF1D6F /* main.m */,
				865E437D15EB744000EF1D6F /* Tabbar-Prefix.pch */,
			);
			name = "Supporting Files";
			sourceTree = "<group>";
		};
		866BB02015EC67410062F229 /* vc */ = {
			isa = PBXGroup;
			children = (
				865E438115EB744000EF1D6F /* IrregularTabbarControllerFirstViewController.h */,
				865E438215EB744000EF1D6F /* IrregularTabbarControllerFirstViewController.m */,
				865E438415EB744000EF1D6F /* first.png */,
				865E438615EB744000EF1D6F /* first@2x.png */,
				865E438815EB744000EF1D6F /* IrregularTabbarControllerSecondViewController.h */,
				865E438915EB744000EF1D6F /* IrregularTabbarControllerSecondViewController.m */,
				865E438B15EB744000EF1D6F /* second.png */,
				865E438D15EB744000EF1D6F /* second@2x.png */,
				865E438F15EB744000EF1D6F /* IrregularTabbarControllerFirstViewController.xib */,
				865E439215EB744000EF1D6F /* IrregularTabbarControllerSecondViewController.xib */,
			);
			name = vc;
			sourceTree = "<group>";
		};
/* End PBXGroup section */

/* Begin PBXNativeTarget section */
		865E436A15EB744000EF1D6F /* Tabbar */ = {
			isa = PBXNativeTarget;
			buildConfigurationList = 865E439715EB744000EF1D6F /* Build configuration list for PBXNativeTarget "Tabbar" */;
			buildPhases = (
				865E436715EB744000EF1D6F /* Sources */,
				865E436815EB744000EF1D6F /* Frameworks */,
				865E436915EB744000EF1D6F /* Resources */,
			);
			buildRules = (
			);
			dependencies = (
			);
			name = Tabbar;
			productName = Tabbar;
			productReference = 865E436B15EB744000EF1D6F /* Tabbar.app */;
			productType = "com.apple.product-type.application";
		};
/* End PBXNativeTarget section */

/* Begin PBXProject section */
		865E436215EB743F00EF1D6F /* Project object */ = {
			isa = PBXProject;
			attributes = {
				CLASSPREFIX = IrregularTabbarController;
				LastUpgradeCheck = 0440;
				ORGANIZATIONNAME = taobao;
			};
			buildConfigurationList = 865E436515EB743F00EF1D6F /* Build configuration list for PBXProject "Tabbar" */;
			compatibilityVersion = "Xcode 3.2";
			developmentRegion = English;
			hasScannedForEncodings = 0;
			knownRegions = (
				en,
			);
			mainGroup = 865E436015EB743F00EF1D6F;
			productRefGroup = 865E436C15EB744000EF1D6F /* Products */;
			projectDirPath = "";
			projectRoot = "";
			targets = (
				865E436A15EB744000EF1D6F /* Tabbar */,
			);
		};
/* End PBXProject section */

/* Begin PBXResourcesBuildPhase section */
		865E436915EB744000EF1D6F /* Resources */ = {
			isa = PBXResourcesBuildPhase;
			buildActionMask = 2147483647;
			files = (
				865E437A15EB744000EF1D6F /* InfoPlist.strings in Resources */,
				865E438515EB744000EF1D6F /* first.png in Resources */,
				865E438715EB744000EF1D6F /* first@2x.png in Resources */,
				865E438C15EB744000EF1D6F /* second.png in Resources */,
				865E438E15EB744000EF1D6F /* second@2x.png in Resources */,
				865E439115EB744000EF1D6F /* IrregularTabbarControllerFirstViewController.xib in Resources */,
				865E439415EB744000EF1D6F /* IrregularTabbarControllerSecondViewController.xib in Resources */,
				865E439C15EB744A00EF1D6F /* 1.png in Resources */,
				865E439D15EB744A00EF1D6F /* 2.png in Resources */,
			);
			runOnlyForDeploymentPostprocessing = 0;
		};
/* End PBXResourcesBuildPhase section */

/* Begin PBXSourcesBuildPhase section */
		865E436715EB744000EF1D6F /* Sources */ = {
			isa = PBXSourcesBuildPhase;
			buildActionMask = 2147483647;
			files = (
				865E437C15EB744000EF1D6F /* main.m in Sources */,
				865E438015EB744000EF1D6F /* IrregularTabbarControllerAppDelegate.m in Sources */,
				865E438315EB744000EF1D6F /* IrregularTabbarControllerFirstViewController.m in Sources */,
				865E438A15EB744000EF1D6F /* IrregularTabbarControllerSecondViewController.m in Sources */,
				866BB01D15EC66E30062F229 /* IrregularTabbarController.m in Sources */,
			);
			runOnlyForDeploymentPostprocessing = 0;
		};
/* End PBXSourcesBuildPhase section */

/* Begin PBXVariantGroup section */
		865E437815EB744000EF1D6F /* InfoPlist.strings */ = {
			isa = PBXVariantGroup;
			children = (
				865E437915EB744000EF1D6F /* en */,
			);
			name = InfoPlist.strings;
			sourceTree = "<group>";
		};
		865E438F15EB744000EF1D6F /* IrregularTabbarControllerFirstViewController.xib */ = {
			isa = PBXVariantGroup;
			children = (
				865E439015EB744000EF1D6F /* en */,
			);
			name = IrregularTabbarControllerFirstViewController.xib;
			sourceTree = "<group>";
		};
		865E439215EB744000EF1D6F /* IrregularTabbarControllerSecondViewController.xib */ = {
			isa = PBXVariantGroup;
			children = (
				865E439315EB744000EF1D6F /* en */,
			);
			name = IrregularTabbarControllerSecondViewController.xib;
			sourceTree = "<group>";
		};
/* End PBXVariantGroup section */

/* Begin XCBuildConfiguration section */
		865E439515EB744000EF1D6F /* Debug */ = {
			isa = XCBuildConfiguration;
			buildSettings = {
				ALWAYS_SEARCH_USER_PATHS = NO;
				ARCHS = "$(ARCHS_STANDARD_32_BIT)";
				CLANG_CXX_LANGUAGE_STANDARD = "gnu++0x";
				CLANG_ENABLE_OBJC_ARC = YES;
				CLANG_WARN__DUPLICATE_METHOD_MATCH = YES;
				"CODE_SIGN_IDENTITY[sdk=iphoneos*]" = "iPhone Developer";
				COPY_PHASE_STRIP = NO;
				GCC_C_LANGUAGE_STANDARD = gnu99;
				GCC_DYNAMIC_NO_PIC = NO;
				GCC_OPTIMIZATION_LEVEL = 0;
				GCC_PREPROCESSOR_DEFINITIONS = (
					"DEBUG=1",
					"$(inherited)",
				);
				GCC_SYMBOLS_PRIVATE_EXTERN = NO;
				GCC_VERSION = com.apple.compilers.llvm.clang.1_0;
				GCC_WARN_ABOUT_RETURN_TYPE = YES;
				GCC_WARN_UNINITIALIZED_AUTOS = YES;
				GCC_WARN_UNUSED_VARIABLE = YES;
				IPHONEOS_DEPLOYMENT_TARGET = 5.1;
				SDKROOT = iphoneos;
			};
			name = Debug;
		};
		865E439615EB744000EF1D6F /* Release */ = {
			isa = XCBuildConfiguration;
			buildSettings = {
				ALWAYS_SEARCH_USER_PATHS = NO;
				ARCHS = "$(ARCHS_STANDARD_32_BIT)";
				CLANG_CXX_LANGUAGE_STANDARD = "gnu++0x";
				CLANG_ENABLE_OBJC_ARC = YES;
				CLANG_WARN__DUPLICATE_METHOD_MATCH = YES;
				"CODE_SIGN_IDENTITY[sdk=iphoneos*]" = "iPhone Developer";
				COPY_PHASE_STRIP = YES;
				GCC_C_LANGUAGE_STANDARD = gnu99;
				GCC_VERSION = com.apple.compilers.llvm.clang.1_0;
				GCC_WARN_ABOUT_RETURN_TYPE = YES;
				GCC_WARN_UNINITIALIZED_AUTOS = YES;
				GCC_WARN_UNUSED_VARIABLE = YES;
				IPHONEOS_DEPLOYMENT_TARGET = 5.1;
				OTHER_CFLAGS = "-DNS_BLOCK_ASSERTIONS=1";
				SDKROOT = iphoneos;
				VALIDATE_PRODUCT = YES;
			};
			name = Release;
		};
		865E439815EB744000EF1D6F /* Debug */ = {
			isa = XCBuildConfiguration;
			buildSettings = {
				GCC_PRECOMPILE_PREFIX_HEADER = YES;
				GCC_PREFIX_HEADER = "Tabbar/Tabbar-Prefix.pch";
				INFOPLIST_FILE = "Tabbar/Tabbar-Info.plist";
				PRODUCT_NAME = "$(TARGET_NAME)";
				WRAPPER_EXTENSION = app;
			};
			name = Debug;
		};
		865E439915EB744000EF1D6F /* Release */ = {
			isa = XCBuildConfiguration;
			buildSettings = {
				GCC_PRECOMPILE_PREFIX_HEADER = YES;
				GCC_PREFIX_HEADER = "Tabbar/Tabbar-Prefix.pch";
				INFOPLIST_FILE = "Tabbar/Tabbar-Info.plist";
				PRODUCT_NAME = "$(TARGET_NAME)";
				WRAPPER_EXTENSION = app;
			};
			name = Release;
		};
/* End XCBuildConfiguration section */

/* Begin XCConfigurationList section */
		865E436515EB743F00EF1D6F /* Build configuration list for PBXProject "Tabbar" */ = {
			isa = XCConfigurationList;
			buildConfigurations = (
				865E439515EB744000EF1D6F /* Debug */,
				865E439615EB744000EF1D6F /* Release */,
			);
			defaultConfigurationIsVisible = 0;
			defaultConfigurationName = Release;
		};
		865E439715EB744000EF1D6F /* Build configuration list for PBXNativeTarget "Tabbar" */ = {
			isa = XCConfigurationList;
			buildConfigurations = (
				865E439815EB744000EF1D6F /* Debug */,
				865E439915EB744000EF1D6F /* Release */,
			);
			defaultConfigurationIsVisible = 0;
			defaultConfigurationName = Release;
		};
/* End XCConfigurationList section */
	};
	rootObject = 865E436215EB743F00EF1D6F /* Project object */;
}
